
Microsoft Visual Studio Solution File, Format Version 12.00
Project("{FAE04EC0-301F-11D3-BF4B-00C04F79EFBC}") = "Jc.FastSha", "src\Jc.FastSha\Jc.FastSha.csproj", "{8BC39797-32CA-424A-8020-761FB45DD0A4}"
EndProject
Project("{FAE04EC0-301F-11D3-BF4B-00C04F79EFBC}") = "Jc.FastSha.Tests", "src\Jc.FastSha.Tests\Jc.FastSha.Tests.csproj", "{0DED5B7E-5EC3-479B-85C9-3A00DC62B300}"
EndProject
Project("{FAE04EC0-301F-11D3-BF4B-00C04F79EFBC}") = "Jc.FastSha.Benchmarks", "src\Jc.FastSha.Benchmarks\Jc.FastSha.Benchmarks.csproj", "{F86CBBCB-81F6-45A7-A495-6C345A9FA074}"
EndProject
Project("{FAE04EC0-301F-11D3-BF4B-00C04F79EFBC}") = "Jc.FastSha.Native", "src\Jc.FastSha.Native\Jc.FastSha.Native.csproj", "{5835A82E-C8D3-4AD9-BFB9-BAE1F3F78994}"
EndProject
Project("{FAE04EC0-301F-11D3-BF4B-00C04F79EFBC}") = "Jc.FastSha.Native.Tests", "src\Jc.FastSha.Native.Tests\Jc.FastSha.Native.Tests.csproj", "{AC8C3DF6-7341-4330-9CFF-CCD37E1922B8}"
EndProject
Global
	GlobalSection(SolutionConfigurationPlatforms) = preSolution
		Debug|Any CPU = Debug|Any CPU
		Release|Any CPU = Release|Any CPU
	EndGlobalSection
	GlobalSection(ProjectConfigurationPlatforms) = postSolution
		{8BC39797-32CA-424A-8020-761FB45DD0A4}.Debug|Any CPU.ActiveCfg = Debug|Any CPU
		{8BC39797-32CA-424A-8020-761FB45DD0A4}.Debug|Any CPU.Build.0 = Debug|Any CPU
		{8BC39797-32CA-424A-8020-761FB45DD0A4}.Release|Any CPU.ActiveCfg = Release|Any CPU
		{8BC39797-32CA-424A-8020-761FB45DD0A4}.Release|Any CPU.Build.0 = Release|Any CPU
		{0DED5B7E-5EC3-479B-85C9-3A00DC62B300}.Debug|Any CPU.ActiveCfg = Debug|Any CPU
		{0DED5B7E-5EC3-479B-85C9-3A00DC62B300}.Debug|Any CPU.Build.0 = Debug|Any CPU
		{0DED5B7E-5EC3-479B-85C9-3A00DC62B300}.Release|Any CPU.ActiveCfg = Release|Any CPU
		{0DED5B7E-5EC3-479B-85C9-3A00DC62B300}.Release|Any CPU.Build.0 = Release|Any CPU
		{F86CBBCB-81F6-45A7-A495-6C345A9FA074}.Debug|Any CPU.ActiveCfg = Debug|Any CPU
		{F86CBBCB-81F6-45A7-A495-6C345A9FA074}.Debug|Any CPU.Build.0 = Debug|Any CPU
		{F86CBBCB-81F6-45A7-A495-6C345A9FA074}.Release|Any CPU.ActiveCfg = Release|Any CPU
		{F86CBBCB-81F6-45A7-A495-6C345A9FA074}.Release|Any CPU.Build.0 = Release|Any CPU
		{5835A82E-C8D3-4AD9-BFB9-BAE1F3F78994}.Debug|Any CPU.ActiveCfg = Debug|Any CPU
		{5835A82E-C8D3-4AD9-BFB9-BAE1F3F78994}.Debug|Any CPU.Build.0 = Debug|Any CPU
		{5835A82E-C8D3-4AD9-BFB9-BAE1F3F78994}.Release|Any CPU.ActiveCfg = Release|Any CPU
		{5835A82E-C8D3-4AD9-BFB9-BAE1F3F78994}.Release|Any CPU.Build.0 = Release|Any CPU
		{AC8C3DF6-7341-4330-9CFF-CCD37E1922B8}.Debug|Any CPU.ActiveCfg = Debug|Any CPU
		{AC8C3DF6-7341-4330-9CFF-CCD37E1922B8}.Debug|Any CPU.Build.0 = Debug|Any CPU
		{AC8C3DF6-7341-4330-9CFF-CCD37E1922B8}.Release|Any CPU.ActiveCfg = Release|Any CPU
		{AC8C3DF6-7341-4330-9CFF-CCD37E1922B8}.Release|Any CPU.Build.0 = Release|Any CPU
	EndGlobalSection
EndGlobal
